
Microsoft Visual Studio Solution File, Format Version 12.00
# Visual Studio 15
VisualStudioVersion = 15.0.28307.572
MinimumVisualStudioVersion = 10.0.40219.1
Project("{888888A0-9F3D-457C-B088-3A5042F75D52}") = "ImmImport", "ImmImport\ImmImport.pyproj", "{645C452F-67DC-4A98-B533-75D630A634A1}"
EndProject
Global
	GlobalSection(SolutionConfigurationPlatforms) = preSolution
		Debug|Any CPU = Debug|Any CPU
		Release|Any CPU = Release|Any CPU
	EndGlobalSection
	GlobalSection(ProjectConfigurationPlatforms) = postSolution
		{645C452F-67DC-4A98-B533-75D630A634A1}.Debug|Any CPU.ActiveCfg = Debug|Any CPU
		{645C452F-67DC-4A98-B533-75D630A634A1}.Release|Any CPU.ActiveCfg = Release|Any CPU
	EndGlobalSection
	GlobalSection(SolutionProperties) = preSolution
		HideSolutionNode = FALSE
	EndGlobalSection
	GlobalSection(ExtensibilityGlobals) = postSolution
		SolutionGuid = {CDFA0691-FAA8-47D1-9F4B-ADD897587C6D}
	EndGlobalSection
EndGlobal
